
Microsoft Visual Studio Solution File, Format Version 12.00
# Visual Studio Version 18
VisualStudioVersion = 18.10.12120.281 insiders
MinimumVisualStudioVersion = 10.0.40219.1
Project("{FAE04EC0-301F-11D3-BF4B-00C04F79EFBC}") = "Ювелир", "WpfApp2\Ювелир.csproj", "{FC40BF1E-C325-4FFB-A34E-1CB85A39EFBA}"
EndProject
Global
	GlobalSection(SolutionConfigurationPlatforms) = preSolution
		Debug|Any CPU = Debug|Any CPU
		Release|Any CPU = Release|Any CPU
	EndGlobalSection
	GlobalSection(ProjectConfigurationPlatforms) = postSolution
		{FC40BF1E-C325-4FFB-A34E-1CB85A39EFBA}.Debug|Any CPU.ActiveCfg = Debug|Any CPU
		{FC40BF1E-C325-4FFB-A34E-1CB85A39EFBA}.Debug|Any CPU.Build.0 = Debug|Any CPU
		{FC40BF1E-C325-4FFB-A34E-1CB85A39EFBA}.Release|Any CPU.ActiveCfg = Release|Any CPU
		{FC40BF1E-C325-4FFB-A34E-1CB85A39EFBA}.Release|Any CPU.Build.0 = Release|Any CPU
	EndGlobalSection
	GlobalSection(SolutionProperties) = preSolution
		HideSolutionNode = FALSE
	EndGlobalSection
	GlobalSection(ExtensibilityGlobals) = postSolution
		SolutionGuid = {812746EF-ADF4-4FFE-85C9-6C19A888B36D}
	EndGlobalSection
EndGlobal
